{
  "name": "PopDemo",
  "version": "1.0.0",
  "lockfileVersion": 1,
  "requires": true,
  "dependencies": {
    "@popmotion/easing": {
      "version": "1.0.2",
      "resolved": "https://registry.npmjs.org/@popmotion/easing/-/easing-1.0.2.tgz",
      "integrity": "sha512-IkdW0TNmRnWTeWI7aGQIVDbKXPWHVEYdGgd5ZR4SH/Ty/61p63jCjrPxX1XrR7IGkl08bjhJROStD7j+RKgoIw=="
    },
    "@popmotion/popcorn": {
      "version": "0.3.6",
      "resolved": "https://registry.npmjs.org/@popmotion/popcorn/-/popcorn-0.3.6.tgz",
      "integrity": "sha512-B8Hdk4LOjCHTIiUd9KfD+9PgLR2iSe9T/X5G9IAl055KY2iAqodIEtTlO6EBpjP8tQWVfI3C4A/fEf0RqYqPPw==",
      "requires": {
        "@popmotion/easing": "^1.0.1",
        "framesync": "^4.0.1",
        "hey-listen": "^1.0.5",
        "style-value-types": "^3.1.0"
      }
    },
    "framesync": {
      "version": "4.0.2",
      "resolved": "https://registry.npmjs.org/framesync/-/framesync-4.0.2.tgz",
      "integrity": "sha512-hQLD5NURHmzB4Symo6JJ5HDw2TWwhr6T3gw9aChNMsZvkxcD8U8Gcz/hllAOOMGE+HO3ScpRPahpXDQRgF19JQ==",
      "requires": {
        "hey-listen": "^1.0.5"
      }
    },
    "hey-listen": {
      "version": "1.0.8",
      "resolved": "https://registry.npmjs.org/hey-listen/-/hey-listen-1.0.8.tgz",
      "integrity": "sha512-COpmrF2NOg4TBWUJ5UVyaCU2A88wEMkUPK4hNqyCkqHbxT92BbvfjoSozkAIIm6XhicGlJHhFdullInrdhwU8Q=="
    },
    "popmotion": {
      "version": "8.6.8",
      "resolved": "https://registry.npmjs.org/popmotion/-/popmotion-8.6.8.tgz",
      "integrity": "sha512-BRzdgEHLqicl18RH2+gev/gVAQsU6OJD2eXii+J8Jabvw//fTNdkKIi+o8YM1cFU2QH+bnAAr0PEC3eiXMPJ1w==",
      "requires": {
        "@popmotion/easing": "^1.0.1",
        "@popmotion/popcorn": "^0.3.6",
        "framesync": "^4.0.0",
        "hey-listen": "^1.0.5",
        "style-value-types": "^3.1.0",
        "stylefire": "2.4.3",
        "tslib": "^1.9.1"
      }
    },
    "style-value-types": {
      "version": "3.1.0",
      "resolved": "https://registry.npmjs.org/style-value-types/-/style-value-types-3.1.0.tgz",
      "integrity": "sha512-7eaMZ8RKWIQUKHPQK7qv3zLYmvZNb2pCmO4WguXdVFymd2Qj9xqSUoo7LQ8Wd8eiLuoSd+uqzsvcodyvD8nn6Q=="
    },
    "stylefire": {
      "version": "2.4.3",
      "resolved": "https://registry.npmjs.org/stylefire/-/stylefire-2.4.3.tgz",
      "integrity": "sha512-8rckFzuDlVWSyrkmnyTg8avadQavk2t6YkFKUUocsXoj/8NScOjb+/avbB4nrmoPtzD0kN7IyuhKq8jimIBTBQ==",
      "requires": {
        "framesync": "^4.0.0",
        "hey-listen": "^1.0.4",
        "style-value-types": "^3.0.6"
      }
    },
    "tslib": {
      "version": "1.9.3",
      "resolved": "https://registry.npmjs.org/tslib/-/tslib-1.9.3.tgz",
      "integrity": "sha512-4krF8scpejhaOgqzBEcGM7yDIEfi0/8+8zDRZhNZZ2kjmHJ4hv3zCbQWxoJGz1iw5U0Jl0nma13xzHXcncMavQ=="
    }
  }
}
